{
  "name": "print",
  "version": "1.0.0",
  "lockfileVersion": 1,
  "requires": true,
  "dependencies": {
    "jsbarcode": {
      "version": "3.11.3",
      "resolved": "https://registry.npmjs.org/jsbarcode/-/jsbarcode-3.11.3.tgz",
      "integrity": "sha512-TsoeHL/0ASvKE3+sbLuTkT2cGvDV/MsQAQVuGf/1EWKe7SXNYlyzW/3TFeAmqJg/Fhz6pPgrci8o5hR+Ej59Jw=="
    }
  }
}
